
Microsoft Visual Studio Solution File, Format Version 12.00
# Visual Studio Version 17
VisualStudioVersion = 17.0.32014.148
MinimumVisualStudioVersion = 10.0.40219.1
Project("{FAE04EC0-301F-11D3-BF4B-00C04F79EFBC}") = "PrimeFactors", "PrimeFactors\PrimeFactors.csproj", "{2D90F8FE-77AA-46F7-B11F-F363E7C2B2BA}"
EndProject
Project("{FAE04EC0-301F-11D3-BF4B-00C04F79EFBC}") = "PrimeFactorsUnitTests", "PrimeFactorsUnitTests\PrimeFactorsUnitTests.csproj", "{864C989B-2D33-4DC9-A826-B8DE09BFC4FC}"
EndProject
Project("{FAE04EC0-301F-11D3-BF4B-00C04F79EFBC}") = "PrimeFactorsApp", "PrimeFactorsApp\PrimeFactorsApp.csproj", "{35F79F0C-63A8-4C03-B8E5-F31EA5559D19}"
EndProject
Global
	GlobalSection(SolutionConfigurationPlatforms) = preSolution
		Debug|Any CPU = Debug|Any CPU
		Release|Any CPU = Release|Any CPU
	EndGlobalSection
	GlobalSection(ProjectConfigurationPlatforms) = postSolution
		{2D90F8FE-77AA-46F7-B11F-F363E7C2B2BA}.Debug|Any CPU.ActiveCfg = Debug|Any CPU
		{2D90F8FE-77AA-46F7-B11F-F363E7C2B2BA}.Debug|Any CPU.Build.0 = Debug|Any CPU
		{2D90F8FE-77AA-46F7-B11F-F363E7C2B2BA}.Release|Any CPU.ActiveCfg = Release|Any CPU
		{2D90F8FE-77AA-46F7-B11F-F363E7C2B2BA}.Release|Any CPU.Build.0 = Release|Any CPU
		{864C989B-2D33-4DC9-A826-B8DE09BFC4FC}.Debug|Any CPU.ActiveCfg = Debug|Any CPU
		{864C989B-2D33-4DC9-A826-B8DE09BFC4FC}.Debug|Any CPU.Build.0 = Debug|Any CPU
		{864C989B-2D33-4DC9-A826-B8DE09BFC4FC}.Release|Any CPU.ActiveCfg = Release|Any CPU
		{864C989B-2D33-4DC9-A826-B8DE09BFC4FC}.Release|Any CPU.Build.0 = Release|Any CPU
		{35F79F0C-63A8-4C03-B8E5-F31EA5559D19}.Debug|Any CPU.ActiveCfg = Debug|Any CPU
		{35F79F0C-63A8-4C03-B8E5-F31EA5559D19}.Debug|Any CPU.Build.0 = Debug|Any CPU
		{35F79F0C-63A8-4C03-B8E5-F31EA5559D19}.Release|Any CPU.ActiveCfg = Release|Any CPU
		{35F79F0C-63A8-4C03-B8E5-F31EA5559D19}.Release|Any CPU.Build.0 = Release|Any CPU
	EndGlobalSection
	GlobalSection(SolutionProperties) = preSolution
		HideSolutionNode = FALSE
	EndGlobalSection
	GlobalSection(ExtensibilityGlobals) = postSolution
		SolutionGuid = {F0268F3A-DA09-488F-9977-EAE5E51B2561}
	EndGlobalSection
EndGlobal
